version = 1
revision = 3
requires-python = ">=3.15"

[options]
exclude-newer = "0001-01-01T00:00:00Z" # This has no effect and is included for backwards compatibility when using relative exclude-newer values.
exclude-newer-span = "P7D"

[options.exclude-newer-package]
se-theory-reference-kit = false

[[package]]
name = "click"
version = "8.5.0"
source = { registry = "https://pypi.org/simple" }
sdist = { url = "https://files.pythonhosted.org/packages/c7/0e/7fa0ef50764b67090eca4114772a2abf8b6148198475e54c660b97caeee6/click-8.5.0.tar.gz", hash = "sha256:ba0d2089de75ea0310e2dde03160e6ca10009947fb95a182f9b54021bb272e34", size = 382235, upload-time = "2026-08-26T13:33:14.56Z" }
wheels = [
    { url = "https://files.pythonhosted.org/packages/58/50/6c0d534c5f134586a8e1ba4e330569e32f057e33372ae556463212fb4cd3/click-8.5.0-py3-none-any.whl", hash = "sha256:255bc9599cf7748b4b1a446ccc735421bd08a2ae529a8b88597d3de5664ee360", size = 125251, upload-time = "2026-08-26T13:33:12.928Z" },
]

[[package]]
name = "deepmerge"
version = "3.0.1"
source = { registry = "https://pypi.org/simple" }
sdist = { url = "https://files.pythonhosted.org/packages/38/6e/5cb3548b4d3112fea529375e55e6f3cdc52b8054e3a66f203b1f888ba885/deepmerge-3.0.1.tar.gz", hash = "sha256:35b39a4cb92cf328d6eca61cbbf65f68a37c2ceb3085f0f853cbb2e52a59fc23", size = 22328, upload-time = "2026-09-01T14:09:44.383Z" }
wheels = [
    { url = "https://files.pythonhosted.org/packages/20/91/600003aaad107e27553fbc9cbfc57e96fa37e0223d2ef9d7d3a0e8d8d070/deepmerge-3.0.1-py3-none-any.whl", hash = "sha256:35c96f6a68fcf90719a5b31d9f8042ecef6c00fb56836660d33455d0f5cfda65", size = 14909, upload-time = "2026-09-01T14:09:43.364Z" },
]

[[package]]
name = "jinja2"
version = "3.1.6"
source = { registry = "https://pypi.org/simple" }
dependencies = [
    { name = "markupsafe" },
]
sdist = { url = "https://files.pythonhosted.org/packages/df/bf/f7da0350254c0ed7c72f3e33cef02e048281fec7ecec5f032d4aac52226b/jinja2-3.1.6.tar.gz", hash = "sha256:0137fb05990d35f1275a587e9aee6d56da821fc83491a0fb838183be43f66d6d", size = 245115, upload-time = "2025-03-05T20:05:02.478Z" }
wheels = [
    { url = "https://files.pythonhosted.org/packages/62/a1/3d680cbfd5f4b8f15abc1d571870c5fc3e594bb582bc3b64ea099db13e56/jinja2-3.1.6-py3-none-any.whl", hash = "sha256:85ece4451f492d0c13c5dd7c13a64681a86afae63a5f347908daf103ce6d2f67", size = 134899, upload-time = "2025-03-05T20:05:00.369Z" },
]

[[package]]
name = "markdown"
version = "3.10.3"
source = { registry = "https://pypi.org/simple" }
sdist = { url = "https://files.pythonhosted.org/packages/29/6f/da4c6aea59b3001f2e8c0ec7497475aadaf3b021c10cab5b2858f0f32b26/markdown-3.10.3.tar.gz", hash = "sha256:3589362618f743188b4d955b874402bc814f4f83f544dc207719f4baa7d9c45f", size = 372596, upload-time = "2026-07-30T19:05:29.005Z" }
wheels = [
    { url = "https://files.pythonhosted.org/packages/64/69/4a5af2bc115a9a33fefe51709749de8262be3f9ba063d1753a837cdbc49c/markdown-3.10.3-py3-none-any.whl", hash = "sha256:fa6c92a00a4a3c98b22728c64a935ae1928250ae65058a6ded814d2cc29a4cea", size = 110757, upload-time = "2026-07-30T19:05:27.883Z" },
]

[[package]]
name = "markupsafe"
version = "3.0.3"
source = { registry = "https://pypi.org/simple" }
sdist = { url = "https://files.pythonhosted.org/packages/7e/99/7690b6d4034fffd95959cbe0c02de8deb3098cc577c67bb6a24fe5d7caa7/markupsafe-3.0.3.tar.gz", hash = "sha256:722695808f4b6457b320fdc131280796bdceb04ab50fe1795cd540799ebe1698", size = 80313, upload-time = "2025-09-27T18:37:40.426Z" }

[[package]]
name = "prek"
version = "0.5.3"
source = { registry = "https://pypi.org/simple" }
sdist = { url = "https://files.pythonhosted.org/packages/54/93/d1e5afc996b9fde04d71c37fd28bdd404e54daf1da6c76b883c5cdbdb411/prek-0.5.3.tar.gz", hash = "sha256:06d88bed9a5b2886cd3796957e4cecf05fa9b06724b625df31dbf0a48ff2330c", size = 551929, upload-time = "2026-09-13T08:38:37.823Z" }
wheels = [
    { url = "https://files.pythonhosted.org/packages/db/5d/8731dc49cb5424d37424db3ea2f3ff6a0b20caa971db72796e822ce48b24/prek-0.5.3-py3-none-macosx_10_12_x86_64.whl", hash = "sha256:2d7240c5e6a996ef5bebe5d57d43049803e41c225b343681c020bf0c87dab2b2", size = 6003518, upload-time = "2026-09-13T08:38:20.584Z" },
    { url = "https://files.pythonhosted.org/packages/51/45/ca413aefb3ea2411bbf0adb6eebfac1e9bfc5ac7679dbe26336fc651c347/prek-0.5.3-py3-none-macosx_11_0_arm64.whl", hash = "sha256:1dd6df8235ca361dbbeec89c305ccb41a138088a2fc548484b4cb89f66a80d20", size = 5538754, upload-time = "2026-09-13T08:38:23.004Z" },
    { url = "https://files.pythonhosted.org/packages/dc/92/874d58ba40d2fe7cfec2789ae8bf415f3751666ad5c59928821fe53c3c01/prek-0.5.3-py3-none-manylinux_2_17_aarch64.manylinux2014_aarch64.musllinux_1_1_aarch64.whl", hash = "sha256:61ff791bb850ba52cc0d86576498df7e1bd1e9ed20df63dae113a4a6aa495e19", size = 5841568, upload-time = "2026-09-13T08:38:25.008Z" },
    { url = "https://files.pythonhosted.org/packages/8f/40/167037b8eef75f6f036c60ff7e93f42defebb7c3733677e2f30e5a479257/prek-0.5.3-py3-none-manylinux_2_17_x86_64.manylinux2014_x86_64.whl", hash = "sha256:a863379a2668c4ef079d820ffd5b14073145380dfbe0e70fef498dc73c568f86", size = 6226960, upload-time = "2026-09-13T08:38:26.788Z" },
    { url = "https://files.pythonhosted.org/packages/42/9a/bfcd3c1fe1fdefee8dc144a92c4b0b93b59f31c7df60ee1720c49223a90a/prek-0.5.3-py3-none-manylinux_2_28_aarch64.whl", hash = "sha256:086d1b77557f0a089568dc5b93c22ccd793351524f3eeb29d36781421a350e72", size = 5854832, upload-time = "2026-09-13T08:38:28.954Z" },
    { url = "https://files.pythonhosted.org/packages/15/41/1450b995b18bbf0d8ab65016860198052baad5c79c231151fa1dcca4a2de/prek-0.5.3-py3-none-musllinux_1_1_x86_64.whl", hash = "sha256:4f09b947255124e9591a7f7ef16eb5340a36ba94a275d788d7ea804fab35f0e2", size = 6343055, upload-time = "2026-09-13T08:38:30.96Z" },
    { url = "https://files.pythonhosted.org/packages/9c/e8/8f45950b8a8ddcf22efc7183e9d6b1d7e30373229ff7d9e56f918a55922c/prek-0.5.3-py3-none-win_amd64.whl", hash = "sha256:5b74a9742c3e8f8688d5dad1439688f112e2e1746fcb91016015dae38df3eb42", size = 5744293, upload-time = "2026-09-13T08:38:33.104Z" },
    { url = "https://files.pythonhosted.org/packages/24/cd/ce637f4b6cc6c583516dc16b539408dab593672f7c6fe7723a37caf378ff/prek-0.5.3-py3-none-win_arm64.whl", hash = "sha256:20d92aef53a5e237f4659ecc6669c0fbc98a1b83f0e2476530400a72d42ca390", size = 5512958, upload-time = "2026-09-13T08:38:36.123Z" },
]

[[package]]
name = "pygments"
version = "2.21.0"
source = { registry = "https://pypi.org/simple" }
sdist = { url = "https://files.pythonhosted.org/packages/49/2e/ced460408999b33da6b31b0021b0f37d329e202d4169aeb164493778f25b/pygments-2.21.0.tar.gz", hash = "sha256:610ca751c9bc2492b38eb9a38a7fbc93edbbb2d7182edaf34e66ae493dee5c8c", size = 5005329, upload-time = "2026-08-17T08:02:48.824Z" }
wheels = [
    { url = "https://files.pythonhosted.org/packages/71/46/17f022dd3e953bf20a04a028a21ec746d942f8d2af30fa0f124fa0e6a684/pygments-2.21.0-py3-none-any.whl", hash = "sha256:2363c69b61c4a97c838da3b130dcd6468f4848992b21a82f2a63ec34377137d9", size = 1250147, upload-time = "2026-08-17T08:02:44.912Z" },
]

[[package]]
name = "pymdown-extensions"
version = "12.0.1"
source = { registry = "https://pypi.org/simple" }
dependencies = [
    { name = "markdown" },
    { name = "pyyaml" },
]
sdist = { url = "https://files.pythonhosted.org/packages/eb/7e/53144b512818c75d459523e3a91d9bf7b65cd6a1dfb964fe690adc8b3670/pymdown_extensions-12.0.1.tar.gz", hash = "sha256:88fe2c97fb9153b9f2cc1da59f1d7c7cb74971110daf33cccb2a5514e0f7e970", size = 866904, upload-time = "2026-09-15T23:20:33.187Z" }
wheels = [
    { url = "https://files.pythonhosted.org/packages/8c/30/c866b3ca8ad5cca79a3ee1a55c12d61d3e72381e5eadbfdaceb6006ebc84/pymdown_extensions-12.0.1-py3-none-any.whl", hash = "sha256:15d629e8035892b93d788a8424ccea754d4aa3cec247a64cbfe7b15089c9ad7f", size = 276957, upload-time = "2026-09-15T23:20:31.551Z" },
]

[[package]]
name = "pyyaml"
version = "6.0.3"
source = { registry = "https://pypi.org/simple" }
sdist = { url = "https://files.pythonhosted.org/packages/05/8e/961c0007c59b8dd7729d542c61a4d537767a59645b82a0b521206e1e25c2/pyyaml-6.0.3.tar.gz", hash = "sha256:d76623373421df22fb4cf8817020cbb7ef15c725b9d5e45f17e189bfc384190f", size = 130960, upload-time = "2025-09-25T21:33:16.546Z" }

[[package]]
name = "se-theory-reference-kit"
version = "0.3.1"
source = { registry = "https://pypi.org/simple" }
sdist = { url = "https://files.pythonhosted.org/packages/76/33/6e76b4b6ed25fd99c824376d2a036a0723a80d2ee6fdbb9a7662196b7c11/se_theory_reference_kit-0.3.1.tar.gz", hash = "sha256:9bff4a7d1f096781b859c8151190aac5894ee610524a6d87f3a8ea0f6309743d", size = 95987, upload-time = "2026-07-29T22:39:25.269Z" }
wheels = [
    { url = "https://files.pythonhosted.org/packages/de/81/2f16dffb9ebf83806c2d48ba8e06ca9442d07af81de2508a9032cadf6509/se_theory_reference_kit-0.3.1-py3-none-any.whl", hash = "sha256:e266a5a45ed1c0d93e7ff28b35aa4aa59261dc6d4fc09db46b5ef97c38076201", size = 44380, upload-time = "2026-07-29T22:39:24.004Z" },
]

[[package]]
name = "se-theory-structural-assurability"
version = "0.2.0"
source = { virtual = "." }
dependencies = [
    { name = "se-theory-reference-kit" },
]

[package.dev-dependencies]
dev = [
    { name = "prek" },
]
docs = [
    { name = "zensical" },
]

[package.metadata]
requires-dist = [{ name = "se-theory-reference-kit" }]

[package.metadata.requires-dev]
dev = [{ name = "prek" }]
docs = [{ name = "zensical" }]

[[package]]
name = "tomli"
version = "2.4.1"
source = { registry = "https://pypi.org/simple" }
sdist = { url = "https://files.pythonhosted.org/packages/22/de/48c59722572767841493b26183a0d1cc411d54fd759c5607c4590b6563a6/tomli-2.4.1.tar.gz", hash = "sha256:7c7e1a961a0b2f2472c1ac5b69affa0ae1132c39adcb67aba98568702b9cc23f", size = 17543, upload-time = "2026-03-25T20:22:03.828Z" }
wheels = [
    { url = "https://files.pythonhosted.org/packages/7b/61/cceae43728b7de99d9b847560c262873a1f6c98202171fd5ed62640b494b/tomli-2.4.1-py3-none-any.whl", hash = "sha256:0d85819802132122da43cb86656f8d1f8c6587d54ae7dcaf30e90533028b49fe", size = 14583, upload-time = "2026-03-25T20:22:03.012Z" },
]

[[package]]
name = "zensical"
version = "0.0.63"
source = { registry = "https://pypi.org/simple" }
dependencies = [
    { name = "click" },
    { name = "deepmerge" },
    { name = "jinja2" },
    { name = "markdown" },
    { name = "pygments" },
    { name = "pymdown-extensions" },
    { name = "pyyaml" },
    { name = "tomli" },
]
sdist = { url = "https://files.pythonhosted.org/packages/50/74/fba7a1bf0af450d7cc0aa6a8aec89f06baac6e6c251b7830e5524c7d734e/zensical-0.0.63.tar.gz", hash = "sha256:95f68b494fa6a11a59065f7965d27acfca404dd867f81d31295b5ab7172f2f8a", size = 4136719, upload-time = "2026-09-19T12:29:42.131Z" }
wheels = [
    { url = "https://files.pythonhosted.org/packages/ea/c3/17bd69cfbb3a3e965e867f23bae357675357203eb17aad0605de429f7942/zensical-0.0.63-cp310-abi3-macosx_10_12_x86_64.whl", hash = "sha256:069af2ee0254eaa7099faad908f0ae0017c151ef0160b21a039d08efaa61b38a", size = 14255818, upload-time = "2026-09-19T12:29:20.874Z" },
    { url = "https://files.pythonhosted.org/packages/c7/55/4b0397fc1acf2fec14e40c0d2b29000b58ffd79a88eafb02bc910ac57192/zensical-0.0.63-cp310-abi3-macosx_11_0_arm64.whl", hash = "sha256:6ec02283d946569f68fdd1ab4a1dd2de560c0ad540874d5ecd4a4f1e96bdbe1d", size = 14000456, upload-time = "2026-09-19T12:29:23.393Z" },
    { url = "https://files.pythonhosted.org/packages/83/59/42f0acd63eadf3654918caf5b24c60d63efecc0486e81474bbcab97bfdf1/zensical-0.0.63-cp310-abi3-manylinux_2_17_aarch64.manylinux2014_aarch64.whl", hash = "sha256:af2711ff1397338c730cc9232f687066da7181751257f317877501b1b77a44ea", size = 14273842, upload-time = "2026-09-19T12:29:26.007Z" },
    { url = "https://files.pythonhosted.org/packages/d3/94/16e063e3b5afe48e553ab86bc21a3c66554eedf8f58e879e07f2140277d7/zensical-0.0.63-cp310-abi3-manylinux_2_17_armv7l.manylinux2014_armv7l.whl", hash = "sha256:f1afb0e2819a588d956c1684c90e23fc0c7efc89e1ec141403a9fb41b75b1993", size = 14296845, upload-time = "2026-09-19T12:29:28.575Z" },
    { url = "https://files.pythonhosted.org/packages/be/cc/123b3c094aeba073d092354b196ac08e6bed36460a78b7cff50e63152ad0/zensical-0.0.63-cp310-abi3-manylinux_2_17_x86_64.manylinux2014_x86_64.whl", hash = "sha256:925b3dd8bb6812b780f5e00828c42bd1eebd675b1eb6b4a58135926bb716bdde", size = 14554473, upload-time = "2026-09-19T12:29:30.588Z" },
    { url = "https://files.pythonhosted.org/packages/bb/26/425698bb072f7ce521e23d33a9701b27868cbf648f969379637d21cdab5f/zensical-0.0.63-cp310-abi3-musllinux_1_2_aarch64.whl", hash = "sha256:6365bce465a7f6755533eaa80aa20c8a48d1b39fa7b12cd394eece3921e2c530", size = 14448833, upload-time = "2026-09-19T12:29:33.018Z" },
    { url = "https://files.pythonhosted.org/packages/54/f5/8117a427df0d9b99569a552672649e51a8218c54b3daa0a57c669221a368/zensical-0.0.63-cp310-abi3-musllinux_1_2_x86_64.whl", hash = "sha256:63706419125f4c46461b322c8aaed1bbc3b917dd389ecf29601d713fc962bfb6", size = 14782142, upload-time = "2026-09-19T12:29:35.72Z" },
    { url = "https://files.pythonhosted.org/packages/6f/ad/ad181a8a4cba6f4392b14bb6ca96e4d02c4a2def0c46ec40fb118238200b/zensical-0.0.63-cp310-abi3-win_amd64.whl", hash = "sha256:43e223b8d6ad1f08a772232926c123a000abd30ffe98d9db63a2731ec6275329", size = 14567535, upload-time = "2026-09-19T12:29:38.034Z" },
    { url = "https://files.pythonhosted.org/packages/1f/88/0e7417f54324e29099fda79a70f9c0fa534a9f42c72dfe855d4a79bade87/zensical-0.0.63-cp310-abi3-win_arm64.whl", hash = "sha256:73c29ca1cd00243384fdc69414fac1c4367814203116acc9d198121b7a91012a", size = 14273888, upload-time = "2026-09-19T12:29:40.196Z" },
]
